
Microsoft Visual Studio Solution File, Format Version 12.00
# Visual Studio Version 17
VisualStudioVersion = 17.6.33417.168
MinimumVisualStudioVersion = 10.0.40219.1
Project("{FAE04EC0-301F-11D3-BF4B-00C04F79EFBC}") = "EasyZoneBuilder.Testing", "EasyZoneBuilder.Testing\EasyZoneBuilder.Testing.csproj", "{655DC65B-03DE-4CC8-9AF7-01948A3D87EC}"
EndProject
Project("{9A19103F-16F7-4668-BE54-9A1E7A4F7556}") = "EasyZoneBuilder.Core", "EasyZoneBuilder.Core\EasyZoneBuilder.Core.csproj", "{150C439B-AFFB-4284-B993-CF8814A127F7}"
EndProject
Project("{FAE04EC0-301F-11D3-BF4B-00C04F79EFBC}") = "EasyZoneBuilder.GUI", "EasyZoneBuilder.GUI\EasyZoneBuilder.GUI.csproj", "{26D01BC0-4E16-4264-BEA3-4F062FE0A6A3}"
EndProject
Global
	GlobalSection(SolutionConfigurationPlatforms) = preSolution
		Debug|Any CPU = Debug|Any CPU
		Release|Any CPU = Release|Any CPU
	EndGlobalSection
	GlobalSection(ProjectConfigurationPlatforms) = postSolution
		{655DC65B-03DE-4CC8-9AF7-01948A3D87EC}.Debug|Any CPU.ActiveCfg = Debug|Any CPU
		{655DC65B-03DE-4CC8-9AF7-01948A3D87EC}.Debug|Any CPU.Build.0 = Debug|Any CPU
		{655DC65B-03DE-4CC8-9AF7-01948A3D87EC}.Release|Any CPU.ActiveCfg = Release|Any CPU
		{655DC65B-03DE-4CC8-9AF7-01948A3D87EC}.Release|Any CPU.Build.0 = Release|Any CPU
		{150C439B-AFFB-4284-B993-CF8814A127F7}.Debug|Any CPU.ActiveCfg = Debug|Any CPU
		{150C439B-AFFB-4284-B993-CF8814A127F7}.Debug|Any CPU.Build.0 = Debug|Any CPU
		{150C439B-AFFB-4284-B993-CF8814A127F7}.Release|Any CPU.ActiveCfg = Release|Any CPU
		{150C439B-AFFB-4284-B993-CF8814A127F7}.Release|Any CPU.Build.0 = Release|Any CPU
		{26D01BC0-4E16-4264-BEA3-4F062FE0A6A3}.Debug|Any CPU.ActiveCfg = Debug|Any CPU
		{26D01BC0-4E16-4264-BEA3-4F062FE0A6A3}.Debug|Any CPU.Build.0 = Debug|Any CPU
		{26D01BC0-4E16-4264-BEA3-4F062FE0A6A3}.Release|Any CPU.ActiveCfg = Release|Any CPU
		{26D01BC0-4E16-4264-BEA3-4F062FE0A6A3}.Release|Any CPU.Build.0 = Release|Any CPU
	EndGlobalSection
	GlobalSection(SolutionProperties) = preSolution
		HideSolutionNode = FALSE
	EndGlobalSection
	GlobalSection(ExtensibilityGlobals) = postSolution
		SolutionGuid = {C3559AA8-0B84-4A1D-9F7C-21FC20581B2F}
	EndGlobalSection
EndGlobal
